
Microsoft Visual Studio Solution File, Format Version 12.00
# Visual Studio 15
VisualStudioVersion = 15.0.26730.3
MinimumVisualStudioVersion = 10.0.40219.1
Project("{8BC9CEB8-8B4A-11D0-8D11-00A0C91BC942}") = "sbox", "sbox.vcxproj", "{B4377008-B9C5-4AAB-AA5C-C903A971DB5E}"
EndProject
Global
	GlobalSection(SolutionConfigurationPlatforms) = preSolution
		Debug|x64 = Debug|x64
		Debug|x86 = Debug|x86
		Release|x64 = Release|x64
		Release|x86 = Release|x86
	EndGlobalSection
	GlobalSection(ProjectConfigurationPlatforms) = postSolution
		{B4377008-B9C5-4AAB-AA5C-C903A971DB5E}.Debug|x64.ActiveCfg = Debug|x64
		{B4377008-B9C5-4AAB-AA5C-C903A971DB5E}.Debug|x64.Build.0 = Debug|x64
		{B4377008-B9C5-4AAB-AA5C-C903A971DB5E}.Debug|x86.ActiveCfg = Debug|Win32
		{B4377008-B9C5-4AAB-AA5C-C903A971DB5E}.Debug|x86.Build.0 = Debug|Win32
		{B4377008-B9C5-4AAB-AA5C-C903A971DB5E}.Release|x64.ActiveCfg = Release|x64
		{B4377008-B9C5-4AAB-AA5C-C903A971DB5E}.Release|x64.Build.0 = Release|x64
		{B4377008-B9C5-4AAB-AA5C-C903A971DB5E}.Release|x86.ActiveCfg = Release|Win32
		{B4377008-B9C5-4AAB-AA5C-C903A971DB5E}.Release|x86.Build.0 = Release|Win32
	EndGlobalSection
	GlobalSection(SolutionProperties) = preSolution
		HideSolutionNode = FALSE
	EndGlobalSection
	GlobalSection(ExtensibilityGlobals) = postSolution
		SolutionGuid = {A43243A7-3073-40C1-BB9A-78C5F0EFB01A}
	EndGlobalSection
EndGlobal
